
Microsoft Visual Studio Solution File, Format Version 12.00
# Visual Studio Version 16
VisualStudioVersion = 16.0.32602.291
MinimumVisualStudioVersion = 10.0.40219.1
Project("{FAE04EC0-301F-11D3-BF4B-00C04F79EFBC}") = "Home7", "Home7.csproj", "{2CFBA776-5A09-4C2F-A409-924B26F74C50}"
EndProject
Global
	GlobalSection(SolutionConfigurationPlatforms) = preSolution
		Debug|Any CPU = Debug|Any CPU
		Release|Any CPU = Release|Any CPU
	EndGlobalSection
	GlobalSection(ProjectConfigurationPlatforms) = postSolution
		{2CFBA776-5A09-4C2F-A409-924B26F74C50}.Debug|Any CPU.ActiveCfg = Debug|Any CPU
		{2CFBA776-5A09-4C2F-A409-924B26F74C50}.Debug|Any CPU.Build.0 = Debug|Any CPU
		{2CFBA776-5A09-4C2F-A409-924B26F74C50}.Release|Any CPU.ActiveCfg = Release|Any CPU
		{2CFBA776-5A09-4C2F-A409-924B26F74C50}.Release|Any CPU.Build.0 = Release|Any CPU
	EndGlobalSection
	GlobalSection(SolutionProperties) = preSolution
		HideSolutionNode = FALSE
	EndGlobalSection
	GlobalSection(ExtensibilityGlobals) = postSolution
		SolutionGuid = {ECF49F55-0C45-477D-A81F-C9C8507482AE}
	EndGlobalSection
EndGlobal
